
Microsoft Visual Studio Solution File, Format Version 12.00
# Visual Studio Version 17
VisualStudioVersion = 17.9.34622.214
MinimumVisualStudioVersion = 10.0.40219.1
Project("{FAE04EC0-301F-11D3-BF4B-00C04F79EFBC}") = "Trabalho Banco De Dados", "Trabalho Banco De Dados.csproj", "{953E8EE3-6BB2-4499-925B-5653FBA8C467}"
EndProject
Global
	GlobalSection(SolutionConfigurationPlatforms) = preSolution
		Debug|Any CPU = Debug|Any CPU
		Release|Any CPU = Release|Any CPU
	EndGlobalSection
	GlobalSection(ProjectConfigurationPlatforms) = postSolution
		{953E8EE3-6BB2-4499-925B-5653FBA8C467}.Debug|Any CPU.ActiveCfg = Debug|Any CPU
		{953E8EE3-6BB2-4499-925B-5653FBA8C467}.Debug|Any CPU.Build.0 = Debug|Any CPU
		{953E8EE3-6BB2-4499-925B-5653FBA8C467}.Release|Any CPU.ActiveCfg = Release|Any CPU
		{953E8EE3-6BB2-4499-925B-5653FBA8C467}.Release|Any CPU.Build.0 = Release|Any CPU
	EndGlobalSection
	GlobalSection(SolutionProperties) = preSolution
		HideSolutionNode = FALSE
	EndGlobalSection
	GlobalSection(ExtensibilityGlobals) = postSolution
		SolutionGuid = {8026B630-986C-48B6-A18A-220F76A14D33}
	EndGlobalSection
EndGlobal
